{
  "name": "vuepress_blog",
  "version": "1.0.0",
  "lockfileVersion": 1,
  "requires": true,
  "dependencies": {
    "@vuepress/plugin-medium-zoom": {
      "version": "1.7.0",
      "resolved": "https://registry.npm.taobao.org/@vuepress/plugin-medium-zoom/download/@vuepress/plugin-medium-zoom-1.7.0.tgz",
      "integrity": "sha1-VfIqDf4lvI2chR0SWk3BJGZkTDU=",
      "dev": true,
      "requires": {
        "medium-zoom": "^1.0.4"
      }
    },
    "medium-zoom": {
      "version": "1.0.6",
      "resolved": "https://registry.npm.taobao.org/medium-zoom/download/medium-zoom-1.0.6.tgz",
      "integrity": "sha1-kkfyHKkxPYu+lCCsoVOkEN8I0Cc=",
      "dev": true
    }
  }
}
